<Solution>
  <Project Path="ConsoleApp/ConsoleApp.csproj" />
  <Project Path="EndToEndTests/EndToEndTests.csproj" />
  <Project Path="IntegrationTests/IntegrationTests.csproj" />
  <Project Path="Oidc.Idp/Oidc.Idp.csproj" />
  <Project Path="WebApi/WebApi.csproj" />
  <Project Path="WebApp/WebApp.csproj" />
</Solution>
